// !$*UTF8*$!
{
	archiveVersion = 1;
	classes = {
	};
	objectVersion = 77;
	objects = {

/* Begin PBXBuildFile section */
		07D9ACF7C43588C64A473E41 /* Localizable.xcstrings in Resources */ = {isa = PBXBuildFile; fileRef = 47E5BCE3ACC91C5BA227C68C /* Localizable.xcstrings */; };
		7208F939EA6D4357C632139A /* ContentView.swift in Sources */ = {isa = PBXBuildFile; fileRef = 7DA438EB6E8FC4439413C437 /* ContentView.swift */; };
		C83EE0DFDB8C6F96467E9795 /* Assets.xcassets in Resources */ = {isa = PBXBuildFile; fileRef = DC9BAEAFFF18AF429FF5A171 /* Assets.xcassets */; };
		EE6B083727B31D3CC6BEF33A /* FolderCustomizerApp.swift in Sources */ = {isa = PBXBuildFile; fileRef = 6CE75D26A3DE6762DC074050 /* FolderCustomizerApp.swift */; };
		FC1623A1D3A1602A2F6FB848 /* IconRenderer.swift in Sources */ = {isa = PBXBuildFile; fileRef = A06E4BF48581E25A63E46A84 /* IconRenderer.swift */; };
/* End PBXBuildFile section */

/* Begin PBXFileReference section */
		47E5BCE3ACC91C5BA227C68C /* Localizable.xcstrings */ = {isa = PBXFileReference; lastKnownFileType = text.json.xcstrings; path = Localizable.xcstrings; sourceTree = "<group>"; };
		6CE75D26A3DE6762DC074050 /* FolderCustomizerApp.swift */ = {isa = PBXFileReference; lastKnownFileType = sourcecode.swift; path = FolderCustomizerApp.swift; sourceTree = "<group>"; };
		7DA438EB6E8FC4439413C437 /* ContentView.swift */ = {isa = PBXFileReference; lastKnownFileType = sourcecode.swift; path = ContentView.swift; sourceTree = "<group>"; };
		A06E4BF48581E25A63E46A84 /* IconRenderer.swift */ = {isa = PBXFileReference; lastKnownFileType = sourcecode.swift; path = IconRenderer.swift; sourceTree = "<group>"; };
		C81EFEABC24C1FCCBFE24E87 /* FolderCustomizer.app */ = {isa = PBXFileReference; explicitFileType = wrapper.application; includeInIndex = 0; path = FolderCustomizer.app; sourceTree = BUILT_PRODUCTS_DIR; };
		DC9BAEAFFF18AF429FF5A171 /* Assets.xcassets */ = {isa = PBXFileReference; lastKnownFileType = folder.assetcatalog; path = Assets.xcassets; sourceTree = "<group>"; };
/* End PBXFileReference section */

/* Begin PBXGroup section */
		79A9F703686C2B7165C28876 /* Sources */ = {
			isa = PBXGroup;
			children = (
				B0698F64737C390748D7DBC3 /* FolderCustomizer */,
			);
			path = Sources;
			sourceTree = "<group>";
		};
		9B7AE4E52EFE53DDC63C108A = {
			isa = PBXGroup;
			children = (
				79A9F703686C2B7165C28876 /* Sources */,
				A1C3B9B830FBAC9F4BCDC192 /* Products */,
			);
			sourceTree = "<group>";
		};
		A1C3B9B830FBAC9F4BCDC192 /* Products */ = {
			isa = PBXGroup;
			children = (
				C81EFEABC24C1FCCBFE24E87 /* FolderCustomizer.app */,
			);
			name = Products;
			sourceTree = "<group>";
		};
		B0698F64737C390748D7DBC3 /* FolderCustomizer */ = {
			isa = PBXGroup;
			children = (
				DC9BAEAFFF18AF429FF5A171 /* Assets.xcassets */,
				7DA438EB6E8FC4439413C437 /* ContentView.swift */,
				6CE75D26A3DE6762DC074050 /* FolderCustomizerApp.swift */,
				A06E4BF48581E25A63E46A84 /* IconRenderer.swift */,
				47E5BCE3ACC91C5BA227C68C /* Localizable.xcstrings */,
			);
			path = FolderCustomizer;
			sourceTree = "<group>";
		};
/* End PBXGroup section */

/* Begin PBXNativeTarget section */
		57136DF8DF2DEAEAA3C32118 /* FolderCustomizer */ = {
			isa = PBXNativeTarget;
			buildConfigurationList = 55AF072119CEC81B939E6E80 /* Build configuration list for PBXNativeTarget "FolderCustomizer" */;
			buildPhases = (
				AF39A9B71E88B354E8DC12FC /* Sources */,
				AE06E1BCA863A0C36EAF43C5 /* Resources */,
			);
			buildRules = (
			);
			dependencies = (
			);
			name = FolderCustomizer;
			packageProductDependencies = (
			);
			productName = FolderCustomizer;
			productReference = C81EFEABC24C1FCCBFE24E87 /* FolderCustomizer.app */;
			productType = "com.apple.product-type.application";
		};
/* End PBXNativeTarget section */

/* Begin PBXProject section */
		94317D71536BE2705867894C /* Project object */ = {
			isa = PBXProject;
			attributes = {
				BuildIndependentTargetsInParallel = YES;
				LastUpgradeCheck = 1430;
				TargetAttributes = {
					57136DF8DF2DEAEAA3C32118 = {
						DevelopmentTeam = "";
						ProvisioningStyle = Manual;
					};
				};
			};
			buildConfigurationList = C455AF7A88DE48D7AE7EFF1C /* Build configuration list for PBXProject "FolderCustomizer" */;
			developmentRegion = en;
			hasScannedForEncodings = 0;
			knownRegions = (
				Base,
				en,
				"zh-Hans",
			);
			mainGroup = 9B7AE4E52EFE53DDC63C108A;
			minimizedProjectReferenceProxies = 1;
			preferredProjectObjectVersion = 77;
			productRefGroup = A1C3B9B830FBAC9F4BCDC192 /* Products */;
			projectDirPath = "";
			projectRoot = "";
			targets = (
				57136DF8DF2DEAEAA3C32118 /* FolderCustomizer */,
			);
		};
/* End PBXProject section */

/* Begin PBXResourcesBuildPhase section */
		AE06E1BCA863A0C36EAF43C5 /* Resources */ = {
			isa = PBXResourcesBuildPhase;
			buildActionMask = 2147483647;
			files = (
				C83EE0DFDB8C6F96467E9795 /* Assets.xcassets in Resources */,
				07D9ACF7C43588C64A473E41 /* Localizable.xcstrings in Resources */,
			);
			runOnlyForDeploymentPostprocessing = 0;
		};
/* End PBXResourcesBuildPhase section */

/* Begin PBXSourcesBuildPhase section */
		AF39A9B71E88B354E8DC12FC /* Sources */ = {
			isa = PBXSourcesBuildPhase;
			buildActionMask = 2147483647;
			files = (
				7208F939EA6D4357C632139A /* ContentView.swift in Sources */,
				EE6B083727B31D3CC6BEF33A /* FolderCustomizerApp.swift in Sources */,
				FC1623A1D3A1602A2F6FB848 /* IconRenderer.swift in Sources */,
			);
			runOnlyForDeploymentPostprocessing = 0;
		};
/* End PBXSourcesBuildPhase section */

/* Begin XCBuildConfiguration section */
		638596CBD1B7E9DA974A6483 /* Release */ = {
			isa = XCBuildConfiguration;
			buildSettings = {
				ALWAYS_SEARCH_USER_PATHS = NO;
				CLANG_ANALYZER_NONNULL = YES;
				CLANG_ANALYZER_NUMBER_OBJECT_CONVERSION = YES_AGGRESSIVE;
				CLANG_CXX_LANGUAGE_STANDARD = "gnu++14";
				CLANG_CXX_LIBRARY = "libc++";
				CLANG_ENABLE_MODULES = YES;
				CLANG_ENABLE_OBJC_ARC = YES;
				CLANG_ENABLE_OBJC_WEAK = YES;
				CLANG_WARN_BLOCK_CAPTURE_AUTORELEASING = YES;
				CLANG_WARN_BOOL_CONVERSION = YES;
				CLANG_WARN_COMMA = YES;
				CLANG_WARN_CONSTANT_CONVERSION = YES;
				CLANG_WARN_DEPRECATED_OBJC_IMPLEMENTATIONS = YES;
				CLANG_WARN_DIRECT_OBJC_ISA_USAGE = YES_ERROR;
				CLANG_WARN_DOCUMENTATION_COMMENTS = YES;
				CLANG_WARN_EMPTY_BODY = YES;
				CLANG_WARN_ENUM_CONVERSION = YES;
				CLANG_WARN_INFINITE_RECURSION = YES;
				CLANG_WARN_INT_CONVERSION = YES;
				CLANG_WARN_NON_LITERAL_NULL_CONVERSION = YES;
				CLANG_WARN_OBJC_IMPLICIT_RETAIN_SELF = YES;
				CLANG_WARN_OBJC_LITERAL_CONVERSION = YES;
				CLANG_WARN_OBJC_ROOT_CLASS = YES_ERROR;
				CLANG_WARN_QUOTED_INCLUDE_IN_FRAMEWORK_HEADER = YES;
				CLANG_WARN_RANGE_LOOP_ANALYSIS = YES;
				CLANG_WARN_STRICT_PROTOTYPES = YES;
				CLANG_WARN_SUSPICIOUS_MOVE = YES;
				CLANG_WARN_UNGUARDED_AVAILABILITY = YES_AGGRESSIVE;
				CLANG_WARN_UNREACHABLE_CODE = YES;
				CLANG_WARN__DUPLICATE_METHOD_MATCH = YES;
				CODE_SIGN_IDENTITY = "-";
				CODE_SIGN_STYLE = Manual;
				COPY_PHASE_STRIP = NO;
				CURRENT_PROJECT_VERSION = 1;
				DEBUG_INFORMATION_FORMAT = "dwarf-with-dsym";
				DEVELOPMENT_TEAM = "";
				ENABLE_NS_ASSERTIONS = NO;
				ENABLE_STRICT_OBJC_MSGSEND = YES;
				GCC_C_LANGUAGE_STANDARD = gnu11;
				GCC_NO_COMMON_BLOCKS = YES;
				GCC_WARN_64_TO_32_BIT_CONVERSION = YES;
				GCC_WARN_ABOUT_RETURN_TYPE = YES_ERROR;
				GCC_WARN_UNDECLARED_SELECTOR = YES;
				GCC_WARN_UNINITIALIZED_AUTOS = YES_AGGRESSIVE;
				GCC_WARN_UNUSED_FUNCTION = YES;
				GCC_WARN_UNUSED_VARIABLE = YES;
				MACOSX_DEPLOYMENT_TARGET = 13.0;
				MARKETING_VERSION = 1.0.0;
				MTL_ENABLE_DEBUG_INFO = NO;
				MTL_FAST_MATH = YES;
				PRODUCT_NAME = "$(TARGET_NAME)";
				SDKROOT = macosx;
				SWIFT_COMPILATION_MODE = wholemodule;
				SWIFT_OPTIMIZATION_LEVEL = "-O";
				SWIFT_VERSION = 5.9;
			};
			name = Release;
		};
		6C4070AB63EDA6A4A69A5545 /* Release */ = {
			isa = XCBuildConfiguration;
			buildSettings = {
				ASSETCATALOG_COMPILER_APPICON_NAME = AppIcon;
				COMBINE_HIDPI_IMAGES = YES;
				GENERATE_INFOPLIST_FILE = YES;
				INFOPLIST_KEY_CFBundleDisplayName = FolderCustomizer;
				INFOPLIST_KEY_LSApplicationCategoryType = "public.app-category.utilities";
				INFOPLIST_KEY_NSHighResolutionCapable = YES;
				LD_RUNPATH_SEARCH_PATHS = (
					"$(inherited)",
					"@executable_path/../Frameworks",
				);
				PRODUCT_BUNDLE_IDENTIFIER = com.frank515.FolderCustomizer;
				PRODUCT_NAME = FolderCustomizer;
				SDKROOT = macosx;
			};
			name = Release;
		};
		8D37404A63E29DE0BCF61596 /* Debug */ = {
			isa = XCBuildConfiguration;
			buildSettings = {
				ASSETCATALOG_COMPILER_APPICON_NAME = AppIcon;
				COMBINE_HIDPI_IMAGES = YES;
				GENERATE_INFOPLIST_FILE = YES;
				INFOPLIST_KEY_CFBundleDisplayName = FolderCustomizer;
				INFOPLIST_KEY_LSApplicationCategoryType = "public.app-category.utilities";
				INFOPLIST_KEY_NSHighResolutionCapable = YES;
				LD_RUNPATH_SEARCH_PATHS = (
					"$(inherited)",
					"@executable_path/../Frameworks",
				);
				PRODUCT_BUNDLE_IDENTIFIER = com.frank515.FolderCustomizer;
				PRODUCT_NAME = FolderCustomizer;
				SDKROOT = macosx;
			};
			name = Debug;
		};
		CD0BE6B90B4D7EF00B4B4165 /* Debug */ = {
			isa = XCBuildConfiguration;
			buildSettings = {
				ALWAYS_SEARCH_USER_PATHS = NO;
				CLANG_ANALYZER_NONNULL = YES;
				CLANG_ANALYZER_NUMBER_OBJECT_CONVERSION = YES_AGGRESSIVE;
				CLANG_CXX_LANGUAGE_STANDARD = "gnu++14";
				CLANG_CXX_LIBRARY = "libc++";
				CLANG_ENABLE_MODULES = YES;
				CLANG_ENABLE_OBJC_ARC = YES;
				CLANG_ENABLE_OBJC_WEAK = YES;
				CLANG_WARN_BLOCK_CAPTURE_AUTORELEASING = YES;
				CLANG_WARN_BOOL_CONVERSION = YES;
				CLANG_WARN_COMMA = YES;
				CLANG_WARN_CONSTANT_CONVERSION = YES;
				CLANG_WARN_DEPRECATED_OBJC_IMPLEMENTATIONS = YES;
				CLANG_WARN_DIRECT_OBJC_ISA_USAGE = YES_ERROR;
				CLANG_WARN_DOCUMENTATION_COMMENTS = YES;
				CLANG_WARN_EMPTY_BODY = YES;
				CLANG_WARN_ENUM_CONVERSION = YES;
				CLANG_WARN_INFINITE_RECURSION = YES;
				CLANG_WARN_INT_CONVERSION = YES;
				CLANG_WARN_NON_LITERAL_NULL_CONVERSION = YES;
				CLANG_WARN_OBJC_IMPLICIT_RETAIN_SELF = YES;
				CLANG_WARN_OBJC_LITERAL_CONVERSION = YES;
				CLANG_WARN_OBJC_ROOT_CLASS = YES_ERROR;
				CLANG_WARN_QUOTED_INCLUDE_IN_FRAMEWORK_HEADER = YES;
				CLANG_WARN_RANGE_LOOP_ANALYSIS = YES;
				CLANG_WARN_STRICT_PROTOTYPES = YES;
				CLANG_WARN_SUSPICIOUS_MOVE = YES;
				CLANG_WARN_UNGUARDED_AVAILABILITY = YES_AGGRESSIVE;
				CLANG_WARN_UNREACHABLE_CODE = YES;
				CLANG_WARN__DUPLICATE_METHOD_MATCH = YES;
				CODE_SIGN_IDENTITY = "-";
				CODE_SIGN_STYLE = Manual;
				COPY_PHASE_STRIP = NO;
				CURRENT_PROJECT_VERSION = 1;
				DEBUG_INFORMATION_FORMAT = dwarf;
				DEVELOPMENT_TEAM = "";
				ENABLE_STRICT_OBJC_MSGSEND = YES;
				ENABLE_TESTABILITY = YES;
				GCC_C_LANGUAGE_STANDARD = gnu11;
				GCC_DYNAMIC_NO_PIC = NO;
				GCC_NO_COMMON_BLOCKS = YES;
				GCC_OPTIMIZATION_LEVEL = 0;
				GCC_PREPROCESSOR_DEFINITIONS = (
					"$(inherited)",
					"DEBUG=1",
				);
				GCC_WARN_64_TO_32_BIT_CONVERSION = YES;
				GCC_WARN_ABOUT_RETURN_TYPE = YES_ERROR;
				GCC_WARN_UNDECLARED_SELECTOR = YES;
				GCC_WARN_UNINITIALIZED_AUTOS = YES_AGGRESSIVE;
				GCC_WARN_UNUSED_FUNCTION = YES;
				GCC_WARN_UNUSED_VARIABLE = YES;
				MACOSX_DEPLOYMENT_TARGET = 13.0;
				MARKETING_VERSION = 1.0.0;
				MTL_ENABLE_DEBUG_INFO = INCLUDE_SOURCE;
				MTL_FAST_MATH = YES;
				ONLY_ACTIVE_ARCH = YES;
				PRODUCT_NAME = "$(TARGET_NAME)";
				SDKROOT = macosx;
				SWIFT_ACTIVE_COMPILATION_CONDITIONS = DEBUG;
				SWIFT_OPTIMIZATION_LEVEL = "-Onone";
				SWIFT_VERSION = 5.9;
			};
			name = Debug;
		};
/* End XCBuildConfiguration section */

/* Begin XCConfigurationList section */
		55AF072119CEC81B939E6E80 /* Build configuration list for PBXNativeTarget "FolderCustomizer" */ = {
			isa = XCConfigurationList;
			buildConfigurations = (
				8D37404A63E29DE0BCF61596 /* Debug */,
				6C4070AB63EDA6A4A69A5545 /* Release */,
			);
			defaultConfigurationIsVisible = 0;
			defaultConfigurationName = Debug;
		};
		C455AF7A88DE48D7AE7EFF1C /* Build configuration list for PBXProject "FolderCustomizer" */ = {
			isa = XCConfigurationList;
			buildConfigurations = (
				CD0BE6B90B4D7EF00B4B4165 /* Debug */,
				638596CBD1B7E9DA974A6483 /* Release */,
			);
			defaultConfigurationIsVisible = 0;
			defaultConfigurationName = Debug;
		};
/* End XCConfigurationList section */
	};
	rootObject = 94317D71536BE2705867894C /* Project object */;
}
